// !$*UTF8*$!
{
	archiveVersion = 1;
	classes = {
	};
	objectVersion = 50;
	objects = {

/* Begin PBXAggregateTarget section */
		CE93FD822790495C00EEEAE2 /* mogenerator */ = {
			isa = PBXAggregateTarget;
			buildConfigurationList = CE93FD832790495C00EEEAE2 /* Build configuration list for PBXAggregateTarget "mogenerator" */;
			buildPhases = (
				CE93FD8727904A0C00EEEAE2 /* ShellScript */,
			);
			dependencies = (
			);
			name = mogenerator;
			productName = mogenerator;
		};
/* End PBXAggregateTarget section */

/* Begin PBXBuildFile section */
		CE15E38926DFCEF300ACA71B /* AppDelegate.swift in Sources */ = {isa = PBXBuildFile; fileRef = CE15E38826DFCEF300ACA71B /* AppDelegate.swift */; };
		CE15E39226DFCEF500ACA71B /* Assets.xcassets in Resources */ = {isa = PBXBuildFile; fileRef = CE15E39126DFCEF500ACA71B /* Assets.xcassets */; };
		CE15E39526DFCEF500ACA71B /* LaunchScreen.storyboard in Resources */ = {isa = PBXBuildFile; fileRef = CE15E39326DFCEF500ACA71B /* LaunchScreen.storyboard */; };
		CE15E3A326DFD02A00ACA71B /* MainInterfaces.swift in Sources */ = {isa = PBXBuildFile; fileRef = CE15E3A226DFD02A00ACA71B /* MainInterfaces.swift */; };
		CE15E3A926DFD05B00ACA71B /* MainRouter.swift in Sources */ = {isa = PBXBuildFile; fileRef = CE15E3A826DFD05B00ACA71B /* MainRouter.swift */; };
		CE15E3AD26DFD07700ACA71B /* MainWireFrame.swift in Sources */ = {isa = PBXBuildFile; fileRef = CE15E3AC26DFD07700ACA71B /* MainWireFrame.swift */; };
		CE15E3B126DFD14100ACA71B /* MainViewController.swift in Sources */ = {isa = PBXBuildFile; fileRef = CE15E3AF26DFD14100ACA71B /* MainViewController.swift */; };
		CE15E3B226DFD14100ACA71B /* MainViewController.xib in Resources */ = {isa = PBXBuildFile; fileRef = CE15E3B026DFD14100ACA71B /* MainViewController.xib */; };
		CE15E3B526DFD1B600ACA71B /* MainViewModel.swift in Sources */ = {isa = PBXBuildFile; fileRef = CE15E3B426DFD1B600ACA71B /* MainViewModel.swift */; };
		CE15E3B926DFD8B600ACA71B /* MainCollectionViewCell.swift in Sources */ = {isa = PBXBuildFile; fileRef = CE15E3B726DFD8B600ACA71B /* MainCollectionViewCell.swift */; };
		CE15E3BA26DFD8B600ACA71B /* MainCollectionViewCell.xib in Resources */ = {isa = PBXBuildFile; fileRef = CE15E3B826DFD8B600ACA71B /* MainCollectionViewCell.xib */; };
		CE15E3BE26DFDC4200ACA71B /* Extension+CollectionViewCell.swift in Sources */ = {isa = PBXBuildFile; fileRef = CE15E3BD26DFDC4200ACA71B /* Extension+CollectionViewCell.swift */; };
		CE15E3C326E017D500ACA71B /* DIContainer.swift in Sources */ = {isa = PBXBuildFile; fileRef = CE15E3C226E017D500ACA71B /* DIContainer.swift */; };
		CE15E3C726E0188C00ACA71B /* ImageService.swift in Sources */ = {isa = PBXBuildFile; fileRef = CE15E3C626E0188C00ACA71B /* ImageService.swift */; };
		CE15E3CA26E018EC00ACA71B /* ImageServiceImplementation.swift in Sources */ = {isa = PBXBuildFile; fileRef = CE15E3C926E018EC00ACA71B /* ImageServiceImplementation.swift */; };
		CE15E3D126E0C81500ACA71B /* Service.swift in Sources */ = {isa = PBXBuildFile; fileRef = CE15E3D026E0C81500ACA71B /* Service.swift */; };
		CE15E3D526E0CA4700ACA71B /* APIService.swift in Sources */ = {isa = PBXBuildFile; fileRef = CE15E3D426E0CA4700ACA71B /* APIService.swift */; };
		CE15E3DD26E0CEBF00ACA71B /* ListPhotos.swift in Sources */ = {isa = PBXBuildFile; fileRef = CE15E3DC26E0CEBF00ACA71B /* ListPhotos.swift */; };
		CE15E3E026E0E11600ACA71B /* APIServiceImplementation.swift in Sources */ = {isa = PBXBuildFile; fileRef = CE15E3DF26E0E11600ACA71B /* APIServiceImplementation.swift */; };
		CE15E3EC26E10BD500ACA71B /* ResultSearch.swift in Sources */ = {isa = PBXBuildFile; fileRef = CE15E3EB26E10BD500ACA71B /* ResultSearch.swift */; };
		CE15E3F326E188FC00ACA71B /* DetailInterfaces.swift in Sources */ = {isa = PBXBuildFile; fileRef = CE15E3F226E188FC00ACA71B /* DetailInterfaces.swift */; };
		CE15E3F926E1892A00ACA71B /* DetailWireFrame.swift in Sources */ = {isa = PBXBuildFile; fileRef = CE15E3F826E1892A00ACA71B /* DetailWireFrame.swift */; };
		CE15E3FD26E1895500ACA71B /* DetailViewController.swift in Sources */ = {isa = PBXBuildFile; fileRef = CE15E3FB26E1895500ACA71B /* DetailViewController.swift */; };
		CE15E3FE26E1895500ACA71B /* DetailViewController.xib in Resources */ = {isa = PBXBuildFile; fileRef = CE15E3FC26E1895500ACA71B /* DetailViewController.xib */; };
		CE15E40126E18ACA00ACA71B /* DetailViewModel.swift in Sources */ = {isa = PBXBuildFile; fileRef = CE15E40026E18ACA00ACA71B /* DetailViewModel.swift */; };
		CE15E40826E1956500ACA71B /* ImageScrollView.swift in Sources */ = {isa = PBXBuildFile; fileRef = CE15E40726E1956500ACA71B /* ImageScrollView.swift */; };
		CE15E40F26E3FA8C00ACA71B /* ImageModel.swift in Sources */ = {isa = PBXBuildFile; fileRef = CE15E40E26E3FA8C00ACA71B /* ImageModel.swift */; };
		CE15E41B26E529E100ACA71B /* PortraitLayout.swift in Sources */ = {isa = PBXBuildFile; fileRef = CE15E41A26E529E100ACA71B /* PortraitLayout.swift */; };
		CE15E41F26E52A2E00ACA71B /* LandscapeLayout.swift in Sources */ = {isa = PBXBuildFile; fileRef = CE15E41E26E52A2E00ACA71B /* LandscapeLayout.swift */; };
		CE93FD5A278ECA4400EEEAE2 /* AppManager.swift in Sources */ = {isa = PBXBuildFile; fileRef = CE93FD59278ECA4400EEEAE2 /* AppManager.swift */; };
		CE93FD5D278ECC8F00EEEAE2 /* AppSettings.swift in Sources */ = {isa = PBXBuildFile; fileRef = CE93FD5C278ECC8F00EEEAE2 /* AppSettings.swift */; };
		CE93FD60278EDF4E00EEEAE2 /* AuthService.swift in Sources */ = {isa = PBXBuildFile; fileRef = CE93FD5F278EDF4E00EEEAE2 /* AuthService.swift */; };
		CE93FD67278EE96700EEEAE2 /* SessionStorable.swift in Sources */ = {isa = PBXBuildFile; fileRef = CE93FD66278EE96700EEEAE2 /* SessionStorable.swift */; };
		CE93FD69278EE9E200EEEAE2 /* Session.swift in Sources */ = {isa = PBXBuildFile; fileRef = CE93FD68278EE9E200EEEAE2 /* Session.swift */; };
		CE93FD6B278EF50400EEEAE2 /* Storage.swift in Sources */ = {isa = PBXBuildFile; fileRef = CE93FD6A278EF50400EEEAE2 /* Storage.swift */; };
		CE93FD6D278EF5C400EEEAE2 /* Storable.swift in Sources */ = {isa = PBXBuildFile; fileRef = CE93FD6C278EF5C400EEEAE2 /* Storable.swift */; };
		CE93FD6F278EF96100EEEAE2 /* SessionStorage.swift in Sources */ = {isa = PBXBuildFile; fileRef = CE93FD6E278EF96100EEEAE2 /* SessionStorage.swift */; };
		CE93FD71278EFB0F00EEEAE2 /* AppSettingsStorage.swift in Sources */ = {isa = PBXBuildFile; fileRef = CE93FD70278EFB0F00EEEAE2 /* AppSettingsStorage.swift */; };
		CE93FD73278EFB9700EEEAE2 /* AppSettingsStorable.swift in Sources */ = {isa = PBXBuildFile; fileRef = CE93FD72278EFB9700EEEAE2 /* AppSettingsStorable.swift */; };
		CE93FD75278F0BC000EEEAE2 /* AppInfoService.swift in Sources */ = {isa = PBXBuildFile; fileRef = CE93FD74278F0BC000EEEAE2 /* AppInfoService.swift */; };
		CE93FD77278F2EE500EEEAE2 /* UserSettingsStorable.swift in Sources */ = {isa = PBXBuildFile; fileRef = CE93FD76278F2EE500EEEAE2 /* UserSettingsStorable.swift */; };
		CE93FD79278F2FAC00EEEAE2 /* UserSettings.swift in Sources */ = {isa = PBXBuildFile; fileRef = CE93FD78278F2FAC00EEEAE2 /* UserSettings.swift */; };
		CE93FD7B278F30FA00EEEAE2 /* UserSettingsStorage.swift in Sources */ = {isa = PBXBuildFile; fileRef = CE93FD7A278F30FA00EEEAE2 /* UserSettingsStorage.swift */; };
		CE93FD7D278F338700EEEAE2 /* UserSettinsService.swift in Sources */ = {isa = PBXBuildFile; fileRef = CE93FD7C278F338700EEEAE2 /* UserSettinsService.swift */; };
		CE93FD812790440900EEEAE2 /* DataModel.xcdatamodeld in Sources */ = {isa = PBXBuildFile; fileRef = CE93FD7F2790440900EEEAE2 /* DataModel.xcdatamodeld */; };
		CE93FD892790963100EEEAE2 /* Models in Resources */ = {isa = PBXBuildFile; fileRef = CE93FD882790963100EEEAE2 /* Models */; };
		CE9CAF7F279584B600A4030A /* DBStorableObject.swift in Sources */ = {isa = PBXBuildFile; fileRef = CE9CAF7E279584B600A4030A /* DBStorableObject.swift */; };
		CE9CAF812795850A00A4030A /* DBStorage.swift in Sources */ = {isa = PBXBuildFile; fileRef = CE9CAF802795850A00A4030A /* DBStorage.swift */; };
		CE9CAF842795873400A4030A /* Array+NSManagedObjectContext.swift in Sources */ = {isa = PBXBuildFile; fileRef = CE9CAF832795873400A4030A /* Array+NSManagedObjectContext.swift */; };
		CE9CAF862795884100A4030A /* DBStorageConfigurator.swift in Sources */ = {isa = PBXBuildFile; fileRef = CE9CAF852795884100A4030A /* DBStorageConfigurator.swift */; };
/* End PBXBuildFile section */

/* Begin PBXFileReference section */
		CE15E38526DFCEF300ACA71B /* SimplePhotoAlbum.app */ = {isa = PBXFileReference; explicitFileType = wrapper.application; includeInIndex = 0; path = SimplePhotoAlbum.app; sourceTree = BUILT_PRODUCTS_DIR; };
		CE15E38826DFCEF300ACA71B /* AppDelegate.swift */ = {isa = PBXFileReference; lastKnownFileType = sourcecode.swift; path = AppDelegate.swift; sourceTree = "<group>"; };
		CE15E39126DFCEF500ACA71B /* Assets.xcassets */ = {isa = PBXFileReference; lastKnownFileType = folder.assetcatalog; path = Assets.xcassets; sourceTree = "<group>"; };
		CE15E39426DFCEF500ACA71B /* Base */ = {isa = PBXFileReference; lastKnownFileType = file.storyboard; name = Base; path = Base.lproj/LaunchScreen.storyboard; sourceTree = "<group>"; };
		CE15E39626DFCEF500ACA71B /* Info.plist */ = {isa = PBXFileReference; lastKnownFileType = text.plist.xml; path = Info.plist; sourceTree = "<group>"; };
		CE15E3A226DFD02A00ACA71B /* MainInterfaces.swift */ = {isa = PBXFileReference; lastKnownFileType = sourcecode.swift; path = MainInterfaces.swift; sourceTree = "<group>"; };
		CE15E3A826DFD05B00ACA71B /* MainRouter.swift */ = {isa = PBXFileReference; lastKnownFileType = sourcecode.swift; path = MainRouter.swift; sourceTree = "<group>"; };
		CE15E3AC26DFD07700ACA71B /* MainWireFrame.swift */ = {isa = PBXFileReference; lastKnownFileType = sourcecode.swift; path = MainWireFrame.swift; sourceTree = "<group>"; };
		CE15E3AF26DFD14100ACA71B /* MainViewController.swift */ = {isa = PBXFileReference; lastKnownFileType = sourcecode.swift; path = MainViewController.swift; sourceTree = "<group>"; };
		CE15E3B026DFD14100ACA71B /* MainViewController.xib */ = {isa = PBXFileReference; lastKnownFileType = file.xib; path = MainViewController.xib; sourceTree = "<group>"; };
		CE15E3B426DFD1B600ACA71B /* MainViewModel.swift */ = {isa = PBXFileReference; lastKnownFileType = sourcecode.swift; path = MainViewModel.swift; sourceTree = "<group>"; };
		CE15E3B726DFD8B600ACA71B /* MainCollectionViewCell.swift */ = {isa = PBXFileReference; lastKnownFileType = sourcecode.swift; path = MainCollectionViewCell.swift; sourceTree = "<group>"; };
		CE15E3B826DFD8B600ACA71B /* MainCollectionViewCell.xib */ = {isa = PBXFileReference; lastKnownFileType = file.xib; path = MainCollectionViewCell.xib; sourceTree = "<group>"; };
		CE15E3BD26DFDC4200ACA71B /* Extension+CollectionViewCell.swift */ = {isa = PBXFileReference; lastKnownFileType = sourcecode.swift; path = "Extension+CollectionViewCell.swift"; sourceTree = "<group>"; };
		CE15E3C226E017D500ACA71B /* DIContainer.swift */ = {isa = PBXFileReference; lastKnownFileType = sourcecode.swift; path = DIContainer.swift; sourceTree = "<group>"; };
		CE15E3C626E0188C00ACA71B /* ImageService.swift */ = {isa = PBXFileReference; lastKnownFileType = sourcecode.swift; path = ImageService.swift; sourceTree = "<group>"; };
		CE15E3C926E018EC00ACA71B /* ImageServiceImplementation.swift */ = {isa = PBXFileReference; lastKnownFileType = sourcecode.swift; path = ImageServiceImplementation.swift; sourceTree = "<group>"; };
		CE15E3D026E0C81500ACA71B /* Service.swift */ = {isa = PBXFileReference; lastKnownFileType = sourcecode.swift; path = Service.swift; sourceTree = "<group>"; };
		CE15E3D426E0CA4700ACA71B /* APIService.swift */ = {isa = PBXFileReference; lastKnownFileType = sourcecode.swift; path = APIService.swift; sourceTree = "<group>"; };
		CE15E3DC26E0CEBF00ACA71B /* ListPhotos.swift */ = {isa = PBXFileReference; lastKnownFileType = sourcecode.swift; path = ListPhotos.swift; sourceTree = "<group>"; };
		CE15E3DF26E0E11600ACA71B /* APIServiceImplementation.swift */ = {isa = PBXFileReference; lastKnownFileType = sourcecode.swift; path = APIServiceImplementation.swift; sourceTree = "<group>"; };
		CE15E3EB26E10BD500ACA71B /* ResultSearch.swift */ = {isa = PBXFileReference; lastKnownFileType = sourcecode.swift; path = ResultSearch.swift; sourceTree = "<group>"; };
		CE15E3F226E188FC00ACA71B /* DetailInterfaces.swift */ = {isa = PBXFileReference; lastKnownFileType = sourcecode.swift; path = DetailInterfaces.swift; sourceTree = "<group>"; };
		CE15E3F826E1892A00ACA71B /* DetailWireFrame.swift */ = {isa = PBXFileReference; lastKnownFileType = sourcecode.swift; path = DetailWireFrame.swift; sourceTree = "<group>"; };
		CE15E3FB26E1895500ACA71B /* DetailViewController.swift */ = {isa = PBXFileReference; lastKnownFileType = sourcecode.swift; path = DetailViewController.swift; sourceTree = "<group>"; };
		CE15E3FC26E1895500ACA71B /* DetailViewController.xib */ = {isa = PBXFileReference; lastKnownFileType = file.xib; path = DetailViewController.xib; sourceTree = "<group>"; };
		CE15E40026E18ACA00ACA71B /* DetailViewModel.swift */ = {isa = PBXFileReference; lastKnownFileType = sourcecode.swift; path = DetailViewModel.swift; sourceTree = "<group>"; };
		CE15E40726E1956500ACA71B /* ImageScrollView.swift */ = {isa = PBXFileReference; lastKnownFileType = sourcecode.swift; path = ImageScrollView.swift; sourceTree = "<group>"; };
		CE15E40E26E3FA8C00ACA71B /* ImageModel.swift */ = {isa = PBXFileReference; lastKnownFileType = sourcecode.swift; path = ImageModel.swift; sourceTree = "<group>"; };
		CE15E41A26E529E100ACA71B /* PortraitLayout.swift */ = {isa = PBXFileReference; lastKnownFileType = sourcecode.swift; path = PortraitLayout.swift; sourceTree = "<group>"; };
		CE15E41E26E52A2E00ACA71B /* LandscapeLayout.swift */ = {isa = PBXFileReference; lastKnownFileType = sourcecode.swift; path = LandscapeLayout.swift; sourceTree = "<group>"; };
		CE93FD59278ECA4400EEEAE2 /* AppManager.swift */ = {isa = PBXFileReference; lastKnownFileType = sourcecode.swift; path = AppManager.swift; sourceTree = "<group>"; };
		CE93FD5C278ECC8F00EEEAE2 /* AppSettings.swift */ = {isa = PBXFileReference; lastKnownFileType = sourcecode.swift; path = AppSettings.swift; sourceTree = "<group>"; };
		CE93FD5F278EDF4E00EEEAE2 /* AuthService.swift */ = {isa = PBXFileReference; lastKnownFileType = sourcecode.swift; path = AuthService.swift; sourceTree = "<group>"; };
		CE93FD66278EE96700EEEAE2 /* SessionStorable.swift */ = {isa = PBXFileReference; lastKnownFileType = sourcecode.swift; path = SessionStorable.swift; sourceTree = "<group>"; };
		CE93FD68278EE9E200EEEAE2 /* Session.swift */ = {isa = PBXFileReference; lastKnownFileType = sourcecode.swift; path = Session.swift; sourceTree = "<group>"; };
		CE93FD6A278EF50400EEEAE2 /* Storage.swift */ = {isa = PBXFileReference; lastKnownFileType = sourcecode.swift; path = Storage.swift; sourceTree = "<group>"; };
		CE93FD6C278EF5C400EEEAE2 /* Storable.swift */ = {isa = PBXFileReference; lastKnownFileType = sourcecode.swift; path = Storable.swift; sourceTree = "<group>"; };
		CE93FD6E278EF96100EEEAE2 /* SessionStorage.swift */ = {isa = PBXFileReference; lastKnownFileType = sourcecode.swift; path = SessionStorage.swift; sourceTree = "<group>"; };
		CE93FD70278EFB0F00EEEAE2 /* AppSettingsStorage.swift */ = {isa = PBXFileReference; lastKnownFileType = sourcecode.swift; path = AppSettingsStorage.swift; sourceTree = "<group>"; };
		CE93FD72278EFB9700EEEAE2 /* AppSettingsStorable.swift */ = {isa = PBXFileReference; lastKnownFileType = sourcecode.swift; path = AppSettingsStorable.swift; sourceTree = "<group>"; };
		CE93FD74278F0BC000EEEAE2 /* AppInfoService.swift */ = {isa = PBXFileReference; lastKnownFileType = sourcecode.swift; path = AppInfoService.swift; sourceTree = "<group>"; };
		CE93FD76278F2EE500EEEAE2 /* UserSettingsStorable.swift */ = {isa = PBXFileReference; lastKnownFileType = sourcecode.swift; path = UserSettingsStorable.swift; sourceTree = "<group>"; };
		CE93FD78278F2FAC00EEEAE2 /* UserSettings.swift */ = {isa = PBXFileReference; lastKnownFileType = sourcecode.swift; path = UserSettings.swift; sourceTree = "<group>"; };
		CE93FD7A278F30FA00EEEAE2 /* UserSettingsStorage.swift */ = {isa = PBXFileReference; lastKnownFileType = sourcecode.swift; path = UserSettingsStorage.swift; sourceTree = "<group>"; };
		CE93FD7C278F338700EEEAE2 /* UserSettinsService.swift */ = {isa = PBXFileReference; lastKnownFileType = sourcecode.swift; path = UserSettinsService.swift; sourceTree = "<group>"; };
		CE93FD802790440900EEEAE2 /* DataModel.xcdatamodel */ = {isa = PBXFileReference; lastKnownFileType = wrapper.xcdatamodel; path = DataModel.xcdatamodel; sourceTree = "<group>"; };
		CE93FD882790963100EEEAE2 /* Models */ = {isa = PBXFileReference; lastKnownFileType = folder; path = Models; sourceTree = "<group>"; };
		CE9CAF7E279584B600A4030A /* DBStorableObject.swift */ = {isa = PBXFileReference; lastKnownFileType = sourcecode.swift; path = DBStorableObject.swift; sourceTree = "<group>"; };
		CE9CAF802795850A00A4030A /* DBStorage.swift */ = {isa = PBXFileReference; lastKnownFileType = sourcecode.swift; path = DBStorage.swift; sourceTree = "<group>"; };
		CE9CAF832795873400A4030A /* Array+NSManagedObjectContext.swift */ = {isa = PBXFileReference; lastKnownFileType = sourcecode.swift; path = "Array+NSManagedObjectContext.swift"; sourceTree = "<group>"; };
		CE9CAF852795884100A4030A /* DBStorageConfigurator.swift */ = {isa = PBXFileReference; lastKnownFileType = sourcecode.swift; path = DBStorageConfigurator.swift; sourceTree = "<group>"; };
/* End PBXFileReference section */

/* Begin PBXFrameworksBuildPhase section */
		CE15E38226DFCEF300ACA71B /* Frameworks */ = {
			isa = PBXFrameworksBuildPhase;
			buildActionMask = 2147483647;
			files = (
			);
			runOnlyForDeploymentPostprocessing = 0;
		};
/* End PBXFrameworksBuildPhase section */

/* Begin PBXGroup section */
		CE15E37C26DFCEF300ACA71B = {
			isa = PBXGroup;
			children = (
				CE15E38726DFCEF300ACA71B /* SimplePhotoAlbum */,
				CE15E38626DFCEF300ACA71B /* Products */,
			);
			sourceTree = "<group>";
		};
		CE15E38626DFCEF300ACA71B /* Products */ = {
			isa = PBXGroup;
			children = (
				CE15E38526DFCEF300ACA71B /* SimplePhotoAlbum.app */,
			);
			name = Products;
			sourceTree = "<group>";
		};
		CE15E38726DFCEF300ACA71B /* SimplePhotoAlbum */ = {
			isa = PBXGroup;
			children = (
				CE9CAF82279586F700A4030A /* Extensions */,
				CE93FD7E2790436200EEEAE2 /* CoreData */,
				CE93FD5B278ECC4600EEEAE2 /* Models */,
				CE15E3C126E017B000ACA71B /* Services */,
				CE15E3C026E0179C00ACA71B /* Module */,
				CE15E3BC26DFDC1000ACA71B /* Extension */,
				CE15E38826DFCEF300ACA71B /* AppDelegate.swift */,
				CE15E39126DFCEF500ACA71B /* Assets.xcassets */,
				CE15E39326DFCEF500ACA71B /* LaunchScreen.storyboard */,
				CE15E39626DFCEF500ACA71B /* Info.plist */,
			);
			path = SimplePhotoAlbum;
			sourceTree = "<group>";
		};
		CE15E3A026DFCFC800ACA71B /* Main */ = {
			isa = PBXGroup;
			children = (
				CE15E41526E528CB00ACA71B /* LayoutCell */,
				CE15E3A726DFD03E00ACA71B /* Model */,
				CE15E3A626DFD03100ACA71B /* ViewModel */,
				CE15E3A126DFCFEC00ACA71B /* View */,
				CE15E3A226DFD02A00ACA71B /* MainInterfaces.swift */,
				CE15E3A826DFD05B00ACA71B /* MainRouter.swift */,
				CE15E3AC26DFD07700ACA71B /* MainWireFrame.swift */,
			);
			path = Main;
			sourceTree = "<group>";
		};
		CE15E3A126DFCFEC00ACA71B /* View */ = {
			isa = PBXGroup;
			children = (
				CE15E3AF26DFD14100ACA71B /* MainViewController.swift */,
				CE15E3B026DFD14100ACA71B /* MainViewController.xib */,
				CE15E3B726DFD8B600ACA71B /* MainCollectionViewCell.swift */,
				CE15E3B826DFD8B600ACA71B /* MainCollectionViewCell.xib */,
			);
			path = View;
			sourceTree = "<group>";
		};
		CE15E3A626DFD03100ACA71B /* ViewModel */ = {
			isa = PBXGroup;
			children = (
				CE15E3B426DFD1B600ACA71B /* MainViewModel.swift */,
			);
			path = ViewModel;
			sourceTree = "<group>";
		};
		CE15E3A726DFD03E00ACA71B /* Model */ = {
			isa = PBXGroup;
			children = (
				CE15E40E26E3FA8C00ACA71B /* ImageModel.swift */,
			);
			path = Model;
			sourceTree = "<group>";
		};
		CE15E3BC26DFDC1000ACA71B /* Extension */ = {
			isa = PBXGroup;
			children = (
				CE15E3BD26DFDC4200ACA71B /* Extension+CollectionViewCell.swift */,
			);
			path = Extension;
			sourceTree = "<group>";
		};
		CE15E3C026E0179C00ACA71B /* Module */ = {
			isa = PBXGroup;
			children = (
				CE15E3EE26E1884E00ACA71B /* Detail */,
				CE15E3A026DFCFC800ACA71B /* Main */,
			);
			path = Module;
			sourceTree = "<group>";
		};
		CE15E3C126E017B000ACA71B /* Services */ = {
			isa = PBXGroup;
			children = (
				CE93FD61278EE07A00EEEAE2 /* Storage */,
				CE93FD5E278EDF0C00EEEAE2 /* AuthService */,
				CE93FD58278EC9FF00EEEAE2 /* AppManager */,
				CE15E3D726E0CC1E00ACA71B /* NetworkModel */,
				CE15E3D326E0CA1200ACA71B /* API */,
				CE15E3C526E0186700ACA71B /* ImageService */,
				CE15E3C226E017D500ACA71B /* DIContainer.swift */,
				CE15E3D026E0C81500ACA71B /* Service.swift */,
				CE93FD74278F0BC000EEEAE2 /* AppInfoService.swift */,
				CE93FD7C278F338700EEEAE2 /* UserSettinsService.swift */,
			);
			path = Services;
			sourceTree = "<group>";
		};
		CE15E3C526E0186700ACA71B /* ImageService */ = {
			isa = PBXGroup;
			children = (
				CE15E3C626E0188C00ACA71B /* ImageService.swift */,
				CE15E3C926E018EC00ACA71B /* ImageServiceImplementation.swift */,
			);
			path = ImageService;
			sourceTree = "<group>";
		};
		CE15E3D326E0CA1200ACA71B /* API */ = {
			isa = PBXGroup;
			children = (
				CE15E3D426E0CA4700ACA71B /* APIService.swift */,
				CE15E3DF26E0E11600ACA71B /* APIServiceImplementation.swift */,
			);
			path = API;
			sourceTree = "<group>";
		};
		CE15E3D726E0CC1E00ACA71B /* NetworkModel */ = {
			isa = PBXGroup;
			children = (
				CE15E3DC26E0CEBF00ACA71B /* ListPhotos.swift */,
				CE15E3EB26E10BD500ACA71B /* ResultSearch.swift */,
			);
			path = NetworkModel;
			sourceTree = "<group>";
		};
		CE15E3EE26E1884E00ACA71B /* Detail */ = {
			isa = PBXGroup;
			children = (
				CE15E40626E1954000ACA71B /* Common */,
				CE15E3F026E188C900ACA71B /* ViewModel */,
				CE15E3EF26E188C000ACA71B /* View */,
				CE15E3F226E188FC00ACA71B /* DetailInterfaces.swift */,
				CE15E3F826E1892A00ACA71B /* DetailWireFrame.swift */,
			);
			path = Detail;
			sourceTree = "<group>";
		};
		CE15E3EF26E188C000ACA71B /* View */ = {
			isa = PBXGroup;
			children = (
				CE15E3FB26E1895500ACA71B /* DetailViewController.swift */,
				CE15E3FC26E1895500ACA71B /* DetailViewController.xib */,
			);
			path = View;
			sourceTree = "<group>";
		};
		CE15E3F026E188C900ACA71B /* ViewModel */ = {
			isa = PBXGroup;
			children = (
				CE15E40026E18ACA00ACA71B /* DetailViewModel.swift */,
			);
			path = ViewModel;
			sourceTree = "<group>";
		};
		CE15E40626E1954000ACA71B /* Common */ = {
			isa = PBXGroup;
			children = (
				CE15E40726E1956500ACA71B /* ImageScrollView.swift */,
			);
			path = Common;
			sourceTree = "<group>";
		};
		CE15E41526E528CB00ACA71B /* LayoutCell */ = {
			isa = PBXGroup;
			children = (
				CE15E41A26E529E100ACA71B /* PortraitLayout.swift */,
				CE15E41E26E52A2E00ACA71B /* LandscapeLayout.swift */,
			);
			path = LayoutCell;
			sourceTree = "<group>";
		};
		CE93FD58278EC9FF00EEEAE2 /* AppManager */ = {
			isa = PBXGroup;
			children = (
				CE93FD59278ECA4400EEEAE2 /* AppManager.swift */,
			);
			path = AppManager;
			sourceTree = "<group>";
		};
		CE93FD5B278ECC4600EEEAE2 /* Models */ = {
			isa = PBXGroup;
			children = (
				CE93FD5C278ECC8F00EEEAE2 /* AppSettings.swift */,
				CE93FD68278EE9E200EEEAE2 /* Session.swift */,
				CE93FD78278F2FAC00EEEAE2 /* UserSettings.swift */,
			);
			path = Models;
			sourceTree = "<group>";
		};
		CE93FD5E278EDF0C00EEEAE2 /* AuthService */ = {
			isa = PBXGroup;
			children = (
				CE93FD5F278EDF4E00EEEAE2 /* AuthService.swift */,
			);
			path = AuthService;
			sourceTree = "<group>";
		};
		CE93FD61278EE07A00EEEAE2 /* Storage */ = {
			isa = PBXGroup;
			children = (
				CE93FD66278EE96700EEEAE2 /* SessionStorable.swift */,
				CE93FD6A278EF50400EEEAE2 /* Storage.swift */,
				CE93FD6C278EF5C400EEEAE2 /* Storable.swift */,
				CE93FD6E278EF96100EEEAE2 /* SessionStorage.swift */,
				CE93FD70278EFB0F00EEEAE2 /* AppSettingsStorage.swift */,
				CE93FD72278EFB9700EEEAE2 /* AppSettingsStorable.swift */,
				CE93FD76278F2EE500EEEAE2 /* UserSettingsStorable.swift */,
				CE93FD7A278F30FA00EEEAE2 /* UserSettingsStorage.swift */,
			);
			path = Storage;
			sourceTree = "<group>";
		};
		CE93FD7E2790436200EEEAE2 /* CoreData */ = {
			isa = PBXGroup;
			children = (
				CE9CAF7B279583EB00A4030A /* DBStorage */,
				CE93FD882790963100EEEAE2 /* Models */,
				CE93FD7F2790440900EEEAE2 /* DataModel.xcdatamodeld */,
			);
			path = CoreData;
			sourceTree = "<group>";
		};
		CE9CAF7B279583EB00A4030A /* DBStorage */ = {
			isa = PBXGroup;
			children = (
				CE9CAF7E279584B600A4030A /* DBStorableObject.swift */,
				CE9CAF802795850A00A4030A /* DBStorage.swift */,
				CE9CAF852795884100A4030A /* DBStorageConfigurator.swift */,
			);
			path = DBStorage;
			sourceTree = "<group>";
		};
		CE9CAF82279586F700A4030A /* Extensions */ = {
			isa = PBXGroup;
			children = (
				CE9CAF832795873400A4030A /* Array+NSManagedObjectContext.swift */,
			);
			path = Extensions;
			sourceTree = "<group>";
		};
/* End PBXGroup section */

/* Begin PBXNativeTarget section */
		CE15E38426DFCEF300ACA71B /* SimplePhotoAlbum */ = {
			isa = PBXNativeTarget;
			buildConfigurationList = CE15E39926DFCEF500ACA71B /* Build configuration list for PBXNativeTarget "SimplePhotoAlbum" */;
			buildPhases = (
				CE15E38126DFCEF300ACA71B /* Sources */,
				CE15E38226DFCEF300ACA71B /* Frameworks */,
				CE15E38326DFCEF300ACA71B /* Resources */,
			);
			buildRules = (
			);
			dependencies = (
			);
			name = SimplePhotoAlbum;
			productName = SimplePhotoAlbum;
			productReference = CE15E38526DFCEF300ACA71B /* SimplePhotoAlbum.app */;
			productType = "com.apple.product-type.application";
		};
/* End PBXNativeTarget section */

/* Begin PBXProject section */
		CE15E37D26DFCEF300ACA71B /* Project object */ = {
			isa = PBXProject;
			attributes = {
				LastSwiftUpdateCheck = 1240;
				LastUpgradeCheck = 1240;
				TargetAttributes = {
					CE15E38426DFCEF300ACA71B = {
						CreatedOnToolsVersion = 12.4;
					};
					CE93FD822790495C00EEEAE2 = {
						CreatedOnToolsVersion = 13.2.1;
					};
				};
			};
			buildConfigurationList = CE15E38026DFCEF300ACA71B /* Build configuration list for PBXProject "SimplePhotoAlbum" */;
			compatibilityVersion = "Xcode 9.3";
			developmentRegion = en;
			hasScannedForEncodings = 0;
			knownRegions = (
				en,
				Base,
			);
			mainGroup = CE15E37C26DFCEF300ACA71B;
			productRefGroup = CE15E38626DFCEF300ACA71B /* Products */;
			projectDirPath = "";
			projectRoot = "";
			targets = (
				CE15E38426DFCEF300ACA71B /* SimplePhotoAlbum */,
				CE93FD822790495C00EEEAE2 /* mogenerator */,
			);
		};
/* End PBXProject section */

/* Begin PBXResourcesBuildPhase section */
		CE15E38326DFCEF300ACA71B /* Resources */ = {
			isa = PBXResourcesBuildPhase;
			buildActionMask = 2147483647;
			files = (
				CE93FD892790963100EEEAE2 /* Models in Resources */,
				CE15E39526DFCEF500ACA71B /* LaunchScreen.storyboard in Resources */,
				CE15E3B226DFD14100ACA71B /* MainViewController.xib in Resources */,
				CE15E3FE26E1895500ACA71B /* DetailViewController.xib in Resources */,
				CE15E39226DFCEF500ACA71B /* Assets.xcassets in Resources */,
				CE15E3BA26DFD8B600ACA71B /* MainCollectionViewCell.xib in Resources */,
			);
			runOnlyForDeploymentPostprocessing = 0;
		};
/* End PBXResourcesBuildPhase section */

/* Begin PBXShellScriptBuildPhase section */
		CE93FD8727904A0C00EEEAE2 /* ShellScript */ = {
			isa = PBXShellScriptBuildPhase;
			buildActionMask = 2147483647;
			files = (
			);
			inputFileListPaths = (
			);
			inputPaths = (
			);
			outputFileListPaths = (
			);
			outputPaths = (
			);
			runOnlyForDeploymentPostprocessing = 0;
			shellPath = /bin/sh;
			shellScript = "cd SimplePhotoAlbum/CoreData\nmogenerator --swift --machine-dir \"./Models/RAW\" --human-dir \"./Models\" --template-var arc=true -m ./DataModel.xcdatamodeld/DataModel.xcdatamodel\n";
		};
/* End PBXShellScriptBuildPhase section */

/* Begin PBXSourcesBuildPhase section */
		CE15E38126DFCEF300ACA71B /* Sources */ = {
			isa = PBXSourcesBuildPhase;
			buildActionMask = 2147483647;
			files = (
				CE93FD5D278ECC8F00EEEAE2 /* AppSettings.swift in Sources */,
				CE93FD812790440900EEEAE2 /* DataModel.xcdatamodeld in Sources */,
				CE93FD69278EE9E200EEEAE2 /* Session.swift in Sources */,
				CE15E3B926DFD8B600ACA71B /* MainCollectionViewCell.swift in Sources */,
				CE93FD5A278ECA4400EEEAE2 /* AppManager.swift in Sources */,
				CE15E3A326DFD02A00ACA71B /* MainInterfaces.swift in Sources */,
				CE93FD79278F2FAC00EEEAE2 /* UserSettings.swift in Sources */,
				CE93FD67278EE96700EEEAE2 /* SessionStorable.swift in Sources */,
				CE9CAF862795884100A4030A /* DBStorageConfigurator.swift in Sources */,
				CE15E3F926E1892A00ACA71B /* DetailWireFrame.swift in Sources */,
				CE15E3EC26E10BD500ACA71B /* ResultSearch.swift in Sources */,
				CE93FD6F278EF96100EEEAE2 /* SessionStorage.swift in Sources */,
				CE15E3AD26DFD07700ACA71B /* MainWireFrame.swift in Sources */,
				CE15E40F26E3FA8C00ACA71B /* ImageModel.swift in Sources */,
				CE15E3CA26E018EC00ACA71B /* ImageServiceImplementation.swift in Sources */,
				CE15E3C726E0188C00ACA71B /* ImageService.swift in Sources */,
				CE15E3FD26E1895500ACA71B /* DetailViewController.swift in Sources */,
				CE15E3D126E0C81500ACA71B /* Service.swift in Sources */,
				CE15E38926DFCEF300ACA71B /* AppDelegate.swift in Sources */,
				CE15E3BE26DFDC4200ACA71B /* Extension+CollectionViewCell.swift in Sources */,
				CE93FD77278F2EE500EEEAE2 /* UserSettingsStorable.swift in Sources */,
				CE15E3A926DFD05B00ACA71B /* MainRouter.swift in Sources */,
				CE15E40826E1956500ACA71B /* ImageScrollView.swift in Sources */,
				CE9CAF7F279584B600A4030A /* DBStorableObject.swift in Sources */,
				CE15E3D526E0CA4700ACA71B /* APIService.swift in Sources */,
				CE93FD6D278EF5C400EEEAE2 /* Storable.swift in Sources */,
				CE93FD7D278F338700EEEAE2 /* UserSettinsService.swift in Sources */,
				CE93FD75278F0BC000EEEAE2 /* AppInfoService.swift in Sources */,
				CE15E3E026E0E11600ACA71B /* APIServiceImplementation.swift in Sources */,
				CE93FD73278EFB9700EEEAE2 /* AppSettingsStorable.swift in Sources */,
				CE9CAF812795850A00A4030A /* DBStorage.swift in Sources */,
				CE15E3B126DFD14100ACA71B /* MainViewController.swift in Sources */,
				CE15E41F26E52A2E00ACA71B /* LandscapeLayout.swift in Sources */,
				CE9CAF842795873400A4030A /* Array+NSManagedObjectContext.swift in Sources */,
				CE93FD71278EFB0F00EEEAE2 /* AppSettingsStorage.swift in Sources */,
				CE15E41B26E529E100ACA71B /* PortraitLayout.swift in Sources */,
				CE93FD60278EDF4E00EEEAE2 /* AuthService.swift in Sources */,
				CE15E3C326E017D500ACA71B /* DIContainer.swift in Sources */,
				CE15E40126E18ACA00ACA71B /* DetailViewModel.swift in Sources */,
				CE15E3F326E188FC00ACA71B /* DetailInterfaces.swift in Sources */,
				CE15E3DD26E0CEBF00ACA71B /* ListPhotos.swift in Sources */,
				CE15E3B526DFD1B600ACA71B /* MainViewModel.swift in Sources */,
				CE93FD6B278EF50400EEEAE2 /* Storage.swift in Sources */,
				CE93FD7B278F30FA00EEEAE2 /* UserSettingsStorage.swift in Sources */,
			);
			runOnlyForDeploymentPostprocessing = 0;
		};
/* End PBXSourcesBuildPhase section */

/* Begin PBXVariantGroup section */
		CE15E39326DFCEF500ACA71B /* LaunchScreen.storyboard */ = {
			isa = PBXVariantGroup;
			children = (
				CE15E39426DFCEF500ACA71B /* Base */,
			);
			name = LaunchScreen.storyboard;
			sourceTree = "<group>";
		};
/* End PBXVariantGroup section */

/* Begin XCBuildConfiguration section */
		CE15E39726DFCEF500ACA71B /* Debug */ = {
			isa = XCBuildConfiguration;
			buildSettings = {
				ALWAYS_SEARCH_USER_PATHS = NO;
				CLANG_ANALYZER_NONNULL = YES;
				CLANG_ANALYZER_NUMBER_OBJECT_CONVERSION = YES_AGGRESSIVE;
				CLANG_CXX_LANGUAGE_STANDARD = "gnu++14";
				CLANG_CXX_LIBRARY = "libc++";
				CLANG_ENABLE_MODULES = YES;
				CLANG_ENABLE_OBJC_ARC = YES;
				CLANG_ENABLE_OBJC_WEAK = YES;
				CLANG_WARN_BLOCK_CAPTURE_AUTORELEASING = YES;
				CLANG_WARN_BOOL_CONVERSION = YES;
				CLANG_WARN_COMMA = YES;
				CLANG_WARN_CONSTANT_CONVERSION = YES;
				CLANG_WARN_DEPRECATED_OBJC_IMPLEMENTATIONS = YES;
				CLANG_WARN_DIRECT_OBJC_ISA_USAGE = YES_ERROR;
				CLANG_WARN_DOCUMENTATION_COMMENTS = YES;
				CLANG_WARN_EMPTY_BODY = YES;
				CLANG_WARN_ENUM_CONVERSION = YES;
				CLANG_WARN_INFINITE_RECURSION = YES;
				CLANG_WARN_INT_CONVERSION = YES;
				CLANG_WARN_NON_LITERAL_NULL_CONVERSION = YES;
				CLANG_WARN_OBJC_IMPLICIT_RETAIN_SELF = YES;
				CLANG_WARN_OBJC_LITERAL_CONVERSION = YES;
				CLANG_WARN_OBJC_ROOT_CLASS = YES_ERROR;
				CLANG_WARN_QUOTED_INCLUDE_IN_FRAMEWORK_HEADER = YES;
				CLANG_WARN_RANGE_LOOP_ANALYSIS = YES;
				CLANG_WARN_STRICT_PROTOTYPES = YES;
				CLANG_WARN_SUSPICIOUS_MOVE = YES;
				CLANG_WARN_UNGUARDED_AVAILABILITY = YES_AGGRESSIVE;
				CLANG_WARN_UNREACHABLE_CODE = YES;
				CLANG_WARN__DUPLICATE_METHOD_MATCH = YES;
				COPY_PHASE_STRIP = NO;
				DEBUG_INFORMATION_FORMAT = dwarf;
				ENABLE_STRICT_OBJC_MSGSEND = YES;
				ENABLE_TESTABILITY = YES;
				GCC_C_LANGUAGE_STANDARD = gnu11;
				GCC_DYNAMIC_NO_PIC = NO;
				GCC_NO_COMMON_BLOCKS = YES;
				GCC_OPTIMIZATION_LEVEL = 0;
				GCC_PREPROCESSOR_DEFINITIONS = (
					"DEBUG=1",
					"$(inherited)",
				);
				GCC_WARN_64_TO_32_BIT_CONVERSION = YES;
				GCC_WARN_ABOUT_RETURN_TYPE = YES_ERROR;
				GCC_WARN_UNDECLARED_SELECTOR = YES;
				GCC_WARN_UNINITIALIZED_AUTOS = YES_AGGRESSIVE;
				GCC_WARN_UNUSED_FUNCTION = YES;
				GCC_WARN_UNUSED_VARIABLE = YES;
				IPHONEOS_DEPLOYMENT_TARGET = 14.4;
				MTL_ENABLE_DEBUG_INFO = INCLUDE_SOURCE;
				MTL_FAST_MATH = YES;
				ONLY_ACTIVE_ARCH = YES;
				SDKROOT = iphoneos;
				SWIFT_ACTIVE_COMPILATION_CONDITIONS = DEBUG;
				SWIFT_OPTIMIZATION_LEVEL = "-Onone";
			};
			name = Debug;
		};
		CE15E39826DFCEF500ACA71B /* Release */ = {
			isa = XCBuildConfiguration;
			buildSettings = {
				ALWAYS_SEARCH_USER_PATHS = NO;
				CLANG_ANALYZER_NONNULL = YES;
				CLANG_ANALYZER_NUMBER_OBJECT_CONVERSION = YES_AGGRESSIVE;
				CLANG_CXX_LANGUAGE_STANDARD = "gnu++14";
				CLANG_CXX_LIBRARY = "libc++";
				CLANG_ENABLE_MODULES = YES;
				CLANG_ENABLE_OBJC_ARC = YES;
				CLANG_ENABLE_OBJC_WEAK = YES;
				CLANG_WARN_BLOCK_CAPTURE_AUTORELEASING = YES;
				CLANG_WARN_BOOL_CONVERSION = YES;
				CLANG_WARN_COMMA = YES;
				CLANG_WARN_CONSTANT_CONVERSION = YES;
				CLANG_WARN_DEPRECATED_OBJC_IMPLEMENTATIONS = YES;
				CLANG_WARN_DIRECT_OBJC_ISA_USAGE = YES_ERROR;
				CLANG_WARN_DOCUMENTATION_COMMENTS = YES;
				CLANG_WARN_EMPTY_BODY = YES;
				CLANG_WARN_ENUM_CONVERSION = YES;
				CLANG_WARN_INFINITE_RECURSION = YES;
				CLANG_WARN_INT_CONVERSION = YES;
				CLANG_WARN_NON_LITERAL_NULL_CONVERSION = YES;
				CLANG_WARN_OBJC_IMPLICIT_RETAIN_SELF = YES;
				CLANG_WARN_OBJC_LITERAL_CONVERSION = YES;
				CLANG_WARN_OBJC_ROOT_CLASS = YES_ERROR;
				CLANG_WARN_QUOTED_INCLUDE_IN_FRAMEWORK_HEADER = YES;
				CLANG_WARN_RANGE_LOOP_ANALYSIS = YES;
				CLANG_WARN_STRICT_PROTOTYPES = YES;
				CLANG_WARN_SUSPICIOUS_MOVE = YES;
				CLANG_WARN_UNGUARDED_AVAILABILITY = YES_AGGRESSIVE;
				CLANG_WARN_UNREACHABLE_CODE = YES;
				CLANG_WARN__DUPLICATE_METHOD_MATCH = YES;
				COPY_PHASE_STRIP = NO;
				DEBUG_INFORMATION_FORMAT = "dwarf-with-dsym";
				ENABLE_NS_ASSERTIONS = NO;
				ENABLE_STRICT_OBJC_MSGSEND = YES;
				GCC_C_LANGUAGE_STANDARD = gnu11;
				GCC_NO_COMMON_BLOCKS = YES;
				GCC_WARN_64_TO_32_BIT_CONVERSION = YES;
				GCC_WARN_ABOUT_RETURN_TYPE = YES_ERROR;
				GCC_WARN_UNDECLARED_SELECTOR = YES;
				GCC_WARN_UNINITIALIZED_AUTOS = YES_AGGRESSIVE;
				GCC_WARN_UNUSED_FUNCTION = YES;
				GCC_WARN_UNUSED_VARIABLE = YES;
				IPHONEOS_DEPLOYMENT_TARGET = 14.4;
				MTL_ENABLE_DEBUG_INFO = NO;
				MTL_FAST_MATH = YES;
				SDKROOT = iphoneos;
				SWIFT_COMPILATION_MODE = wholemodule;
				SWIFT_OPTIMIZATION_LEVEL = "-O";
				VALIDATE_PRODUCT = YES;
			};
			name = Release;
		};
		CE15E39A26DFCEF500ACA71B /* Debug */ = {
			isa = XCBuildConfiguration;
			buildSettings = {
				ASSETCATALOG_COMPILER_APPICON_NAME = AppIcon;
				ASSETCATALOG_COMPILER_GLOBAL_ACCENT_COLOR_NAME = AccentColor;
				CODE_SIGN_STYLE = Automatic;
				DEVELOPMENT_TEAM = 364PACBHLP;
				INFOPLIST_FILE = SimplePhotoAlbum/Info.plist;
				LD_RUNPATH_SEARCH_PATHS = (
					"$(inherited)",
					"@executable_path/Frameworks",
				);
				PRODUCT_BUNDLE_IDENTIFIER = Efimenko.SimplePhotoAlbum;
				PRODUCT_NAME = "$(TARGET_NAME)";
				SWIFT_VERSION = 5.0;
				TARGETED_DEVICE_FAMILY = "1,2";
			};
			name = Debug;
		};
		CE15E39B26DFCEF500ACA71B /* Release */ = {
			isa = XCBuildConfiguration;
			buildSettings = {
				ASSETCATALOG_COMPILER_APPICON_NAME = AppIcon;
				ASSETCATALOG_COMPILER_GLOBAL_ACCENT_COLOR_NAME = AccentColor;
				CODE_SIGN_STYLE = Automatic;
				DEVELOPMENT_TEAM = 364PACBHLP;
				INFOPLIST_FILE = SimplePhotoAlbum/Info.plist;
				LD_RUNPATH_SEARCH_PATHS = (
					"$(inherited)",
					"@executable_path/Frameworks",
				);
				PRODUCT_BUNDLE_IDENTIFIER = Efimenko.SimplePhotoAlbum;
				PRODUCT_NAME = "$(TARGET_NAME)";
				SWIFT_VERSION = 5.0;
				TARGETED_DEVICE_FAMILY = "1,2";
			};
			name = Release;
		};
		CE93FD842790495C00EEEAE2 /* Debug */ = {
			isa = XCBuildConfiguration;
			buildSettings = {
				CODE_SIGN_STYLE = Automatic;
				PRODUCT_NAME = "$(TARGET_NAME)";
			};
			name = Debug;
		};
		CE93FD852790495C00EEEAE2 /* Release */ = {
			isa = XCBuildConfiguration;
			buildSettings = {
				CODE_SIGN_STYLE = Automatic;
				PRODUCT_NAME = "$(TARGET_NAME)";
			};
			name = Release;
		};
/* End XCBuildConfiguration section */

/* Begin XCConfigurationList section */
		CE15E38026DFCEF300ACA71B /* Build configuration list for PBXProject "SimplePhotoAlbum" */ = {
			isa = XCConfigurationList;
			buildConfigurations = (
				CE15E39726DFCEF500ACA71B /* Debug */,
				CE15E39826DFCEF500ACA71B /* Release */,
			);
			defaultConfigurationIsVisible = 0;
			defaultConfigurationName = Release;
		};
		CE15E39926DFCEF500ACA71B /* Build configuration list for PBXNativeTarget "SimplePhotoAlbum" */ = {
			isa = XCConfigurationList;
			buildConfigurations = (
				CE15E39A26DFCEF500ACA71B /* Debug */,
				CE15E39B26DFCEF500ACA71B /* Release */,
			);
			defaultConfigurationIsVisible = 0;
			defaultConfigurationName = Release;
		};
		CE93FD832790495C00EEEAE2 /* Build configuration list for PBXAggregateTarget "mogenerator" */ = {
			isa = XCConfigurationList;
			buildConfigurations = (
				CE93FD842790495C00EEEAE2 /* Debug */,
				CE93FD852790495C00EEEAE2 /* Release */,
			);
			defaultConfigurationIsVisible = 0;
			defaultConfigurationName = Release;
		};
/* End XCConfigurationList section */

/* Begin XCVersionGroup section */
		CE93FD7F2790440900EEEAE2 /* DataModel.xcdatamodeld */ = {
			isa = XCVersionGroup;
			children = (
				CE93FD802790440900EEEAE2 /* DataModel.xcdatamodel */,
			);
			currentVersion = CE93FD802790440900EEEAE2 /* DataModel.xcdatamodel */;
			path = DataModel.xcdatamodeld;
			sourceTree = "<group>";
			versionGroupType = wrapper.xcdatamodel;
		};
/* End XCVersionGroup section */
	};
	rootObject = CE15E37D26DFCEF300ACA71B /* Project object */;
}
